
Microsoft Visual Studio Solution File, Format Version 12.00
# Visual Studio 2013
VisualStudioVersion = 12.0.31101.0
MinimumVisualStudioVersion = 10.0.40219.1
Project("{8BC9CEB8-8B4A-11D0-8D11-00A0C91BC942}") = "Nebuleuse", "Nebuleuse.vcxproj", "{A04D6EC8-1961-4C1E-A5CE-2F41B6DD3375}"
EndProject
Project("{8BC9CEB8-8B4A-11D0-8D11-00A0C91BC942}") = "Tester", "..\Tester\Tester.vcxproj", "{7DB53480-C463-49BF-961E-8DA99838C7C1}"
EndProject
Global
	GlobalSection(SolutionConfigurationPlatforms) = preSolution
		Debug|Win32 = Debug|Win32
		Release|Win32 = Release|Win32
	EndGlobalSection
	GlobalSection(ProjectConfigurationPlatforms) = postSolution
		{A04D6EC8-1961-4C1E-A5CE-2F41B6DD3375}.Debug|Win32.ActiveCfg = Debug|Win32
		{A04D6EC8-1961-4C1E-A5CE-2F41B6DD3375}.Debug|Win32.Build.0 = Debug|Win32
		{A04D6EC8-1961-4C1E-A5CE-2F41B6DD3375}.Release|Win32.ActiveCfg = Release|Win32
		{A04D6EC8-1961-4C1E-A5CE-2F41B6DD3375}.Release|Win32.Build.0 = Release|Win32
		{7DB53480-C463-49BF-961E-8DA99838C7C1}.Debug|Win32.ActiveCfg = Debug|Win32
		{7DB53480-C463-49BF-961E-8DA99838C7C1}.Debug|Win32.Build.0 = Debug|Win32
		{7DB53480-C463-49BF-961E-8DA99838C7C1}.Release|Win32.ActiveCfg = Release|Win32
		{7DB53480-C463-49BF-961E-8DA99838C7C1}.Release|Win32.Build.0 = Release|Win32
	EndGlobalSection
	GlobalSection(SolutionProperties) = preSolution
		HideSolutionNode = FALSE
	EndGlobalSection
EndGlobal
